version = 1
revision = 3
requires-python = ">=3.12"

[[package]]
name = "colorama"
version = "0.4.6"
source = { registry = "https://pypi.org/simple" }
sdist = { url = "https://files.pythonhosted.org/packages/d8/53/6f443c9a4a8358a93a6792e2acffb9d9d5cb0a5cfd8802644b7b1c9a02e4/colorama-0.4.6.tar.gz", hash = "sha256:08695f5cb7ed6e0531a20572697297273c47b8cae5a63ffc6d6ed5c201be6e44", size = 27697, upload-time = "2022-10-25T02:36:22.414Z" }
wheels = [
    { url = "https://files.pythonhosted.org/packages/d1/d6/3965ed04c63042e047cb6a3e6ed1a63a35087b6a609aa3a15ed8ac56c221/colorama-0.4.6-py2.py3-none-any.whl", hash = "sha256:4f1d9991f5acc0ca119f9d443620b77f9d6b33703e51011c16baf57afb285fc6", size = 25335, upload-time = "2022-10-25T02:36:20.889Z" },
]

[[package]]
name = "iniconfig"
version = "2.3.0"
source = { registry = "https://pypi.org/simple" }
sdist = { url = "https://files.pythonhosted.org/packages/72/34/14ca021ce8e5dfedc35312d08ba8bf51fdd999c576889fc2c24cb97f4f10/iniconfig-2.3.0.tar.gz", hash = "sha256:c76315c77db068650d49c5b56314774a7804df16fee4402c1f19d6d15d8c4730", size = 20503, upload-time = "2025-10-18T21:55:43.219Z" }
wheels = [
    { url = "https://files.pythonhosted.org/packages/cb/b1/3846dd7f199d53cb17f49cba7e651e9ce294d8497c8c150530ed11865bb8/iniconfig-2.3.0-py3-none-any.whl", hash = "sha256:f631c04d2c48c52b84d0d0549c99ff3859c98df65b3101406327ecc7d53fbf12", size = 7484, upload-time = "2025-10-18T21:55:41.639Z" },
]

[[package]]
name = "jaconv"
version = "0.5.0"
source = { registry = "https://pypi.org/simple" }
sdist = { url = "https://files.pythonhosted.org/packages/91/0e/9fffaacda59bdfa479372c71d18d72968d2af5a36a5a2086b02a60124b98/jaconv-0.5.0.tar.gz", hash = "sha256:53f6f968276846716f0f37100a6d5c7308cfa1e0c714eb41287d5bb09345c40f", size = 21816, upload-time = "2026-02-08T11:15:57.07Z" }
wheels = [
    { url = "https://files.pythonhosted.org/packages/3b/da/9657d637bcacdbaf6a914ce504000da5639f9d945f8d3552a940f021d6c0/jaconv-0.5.0-py3-none-any.whl", hash = "sha256:2914114fe761ca49fc7089e25e6ad4a400c26f262ffce84e13b176916b71610a", size = 16831, upload-time = "2026-02-08T11:15:55.322Z" },
]

[[package]]
name = "janome"
version = "0.5.0"
source = { registry = "https://pypi.org/simple" }
sdist = { url = "https://files.pythonhosted.org/packages/08/4e/dc2b1a89a4ffafbf9bf49c8e11f69e28ba8b3ef81d11afe6e9f96caee6cc/Janome-0.5.0.tar.gz", hash = "sha256:ce4a3ed7a4635c2f80139639327d5b1e0381858ad74a3c4a61e8cc83f820400e", size = 18829020, upload-time = "2023-07-01T10:53:09.161Z" }
wheels = [
    { url = "https://files.pythonhosted.org/packages/73/7d/70f4069f4bbf0fca023e82a1fbbade6f5216365d4fe259fee1950723eca5/Janome-0.5.0-py2.py3-none-any.whl", hash = "sha256:d098670394a77881ce2f6b7d696c0ea5ff74c0c8cf74a8a882159ec82c0e6dc7", size = 19654103, upload-time = "2023-07-01T10:52:58.572Z" },
]

[[package]]
name = "jawiki-kana-kanji-dict"
version = "0.0.0"
source = { virtual = "." }
dependencies = [
    { name = "jaconv" },
    { name = "janome" },
    { name = "python-levenshtein" },
]

[package.dev-dependencies]
dev = [
    { name = "pytest" },
    { name = "ruff" },
]

[package.metadata]
requires-dist = [
    { name = "jaconv", specifier = ">=0.5.0" },
    { name = "janome", specifier = ">=0.5.0" },
    { name = "python-levenshtein", specifier = ">=0.27.3" },
]

[package.metadata.requires-dev]
dev = [
    { name = "pytest" },
    { name = "ruff" },
]

[[package]]
name = "levenshtein"
version = "0.27.3"
source = { registry = "https://pypi.org/simple" }
dependencies = [
    { name = "rapidfuzz" },
]
sdist = { url = "https://files.pythonhosted.org/packages/82/56/dcf68853b062e3b94bdc3d011cc4198779abc5b9dc134146a062920ce2e2/levenshtein-0.27.3.tar.gz", hash = "sha256:1ac326b2c84215795163d8a5af471188918b8797b4953ec87aaba22c9c1f9fc0", size = 393269, upload-time = "2025-11-01T12:14:31.04Z" }
wheels = [
    { url = "https://files.pythonhosted.org/packages/7c/8e/3be9d8e0245704e3af5258fb6cb157c3d59902e1351e95edf6ed8a8c0434/levenshtein-0.27.3-cp312-cp312-macosx_10_13_x86_64.whl", hash = "sha256:2de7f095b0ca8e44de9de986ccba661cd0dec3511c751b499e76b60da46805e9", size = 169622, upload-time = "2025-11-01T12:13:10.026Z" },
    { url = "https://files.pythonhosted.org/packages/a6/42/a2b2fda5e8caf6ecd5aac142f946a77574a3961e65da62c12fd7e48e5cb1/levenshtein-0.27.3-cp312-cp312-macosx_11_0_arm64.whl", hash = "sha256:d9b8b29e5d5145a3c958664c85151b1bb4b26e4ca764380b947e6a96a321217c", size = 159183, upload-time = "2025-11-01T12:13:11.197Z" },
    { url = "https://files.pythonhosted.org/packages/eb/c4/f083fabbd61c449752df1746533538f4a8629e8811931b52f66e6c4290ad/levenshtein-0.27.3-cp312-cp312-manylinux_2_24_aarch64.manylinux_2_28_aarch64.whl", hash = "sha256:fc975465a51b1c5889eadee1a583b81fba46372b4b22df28973e49e8ddb8f54a", size = 133120, upload-time = "2025-11-01T12:13:12.363Z" },
    { url = "https://files.pythonhosted.org/packages/4e/e5/b6421e04cb0629615b8efd6d4d167dd2b1afb5097b87bb83cd992004dcca/levenshtein-0.27.3-cp312-cp312-manylinux_2_24_armv7l.manylinux_2_31_armv7l.whl", hash = "sha256:57573ed885118554770979fdee584071b66103f6d50beddeabb54607a1213d81", size = 114988, upload-time = "2025-11-01T12:13:13.486Z" },
    { url = "https://files.pythonhosted.org/packages/e5/77/39ee0e8d3028e90178e1031530ccc98563f8f2f0d905ec784669dcf0fa90/levenshtein-0.27.3-cp312-cp312-manylinux_2_24_x86_64.manylinux_2_28_x86_64.whl", hash = "sha256:23aff800a6dd5d91bb3754a6092085aa7ad46b28e497682c155c74f681cfaa2d", size = 153346, upload-time = "2025-11-01T12:13:14.744Z" },
    { url = "https://files.pythonhosted.org/packages/3c/0d/c0f367bbd260dbd7a4e134fd21f459e0f5eac43deac507952b46a1d8a93a/levenshtein-0.27.3-cp312-cp312-musllinux_1_2_aarch64.whl", hash = "sha256:c08a952432b8ad9dccb145f812176db94c52cda732311ddc08d29fd3bf185b0a", size = 1114538, upload-time = "2025-11-01T12:13:15.851Z" },
    { url = "https://files.pythonhosted.org/packages/d8/ef/ae71433f7b4db0bd2af7974785e36cdec899919203fb82e647c5a6109c07/levenshtein-0.27.3-cp312-cp312-musllinux_1_2_armv7l.whl", hash = "sha256:3bfcb2d78ab9cc06a1e75da8fcfb7a430fe513d66cfe54c07e50f32805e5e6db", size = 1009734, upload-time = "2025-11-01T12:13:17.212Z" },
    { url = "https://files.pythonhosted.org/packages/27/dc/62c28b812dcb0953fc32ab7adf3d0e814e43c8560bb28d9269a44d874adf/levenshtein-0.27.3-cp312-cp312-musllinux_1_2_x86_64.whl", hash = "sha256:ba7235f6dcb31a217247468295e2dd4c6c1d3ac81629dc5d355d93e1a5f4c185", size = 1185581, upload-time = "2025-11-01T12:13:18.661Z" },
    { url = "https://files.pythonhosted.org/packages/56/e8/2e7ab9c565793220edb8e5432f9a846386a157075bdd032a90e9585bce38/levenshtein-0.27.3-cp312-cp312-win32.whl", hash = "sha256:ea80d70f1d18c161a209be556b9094968627cbaae620e102459ef9c320a98cbb", size = 84660, upload-time = "2025-11-01T12:13:19.87Z" },
    { url = "https://files.pythonhosted.org/packages/2c/a6/907a1fc8587dc91c40156973e09d106ab064c06eb28dc4700ba0fe54d654/levenshtein-0.27.3-cp312-cp312-win_amd64.whl", hash = "sha256:fbaa1219d9b2d955339a37e684256a861e9274a3fe3a6ee1b8ea8724c3231ed9", size = 94909, upload-time = "2025-11-01T12:13:21.323Z" },
    { url = "https://files.pythonhosted.org/packages/d5/d6/e04f0ddf6a71df3cdd1817b71703490ac874601ed460b2af172d3752c321/levenshtein-0.27.3-cp312-cp312-win_arm64.whl", hash = "sha256:2edbaa84f887ea1d9d8e4440af3fdda44769a7855d581c6248d7ee51518402a8", size = 87358, upload-time = "2025-11-01T12:13:22.393Z" },
    { url = "https://files.pythonhosted.org/packages/3e/f2/162e9ea7490b36bbf05776c8e3a8114c75aa78546ddda8e8f36731db3da6/levenshtein-0.27.3-cp313-cp313-macosx_10_13_x86_64.whl", hash = "sha256:e55aa9f9453fd89d4a9ff1f3c4a650b307d5f61a7eed0568a52fbd2ff2eba107", size = 169230, upload-time = "2025-11-01T12:13:23.735Z" },
    { url = "https://files.pythonhosted.org/packages/01/2d/7316ba7f94e3d60e89bd120526bc71e4812866bb7162767a2a10f73f72c5/levenshtein-0.27.3-cp313-cp313-macosx_11_0_arm64.whl", hash = "sha256:ae4d484453c48939ecd01c5c213530c68dd5cd6e5090f0091ef69799ec7a8a9f", size = 158643, upload-time = "2025-11-01T12:13:25.549Z" },
    { url = "https://files.pythonhosted.org/packages/5e/87/85433cb1e51c45016f061d96fea3106b6969f700e2cbb56c15de82d0deeb/levenshtein-0.27.3-cp313-cp313-manylinux_2_24_aarch64.manylinux_2_28_aarch64.whl", hash = "sha256:d18659832567ee387b266be390da0de356a3aa6cf0e8bc009b6042d8188e131f", size = 132881, upload-time = "2025-11-01T12:13:26.822Z" },
    { url = "https://files.pythonhosted.org/packages/40/1c/3ce66c9a7da169a43dd89146d69df9dec935e6f86c70c6404f48d1291d2c/levenshtein-0.27.3-cp313-cp313-manylinux_2_24_armv7l.manylinux_2_31_armv7l.whl", hash = "sha256:027b3d142cc8ea2ab4e60444d7175f65a94dde22a54382b2f7b47cc24936eb53", size = 114650, upload-time = "2025-11-01T12:13:28.382Z" },
    { url = "https://files.pythonhosted.org/packages/73/60/7138e98884ca105c76ef192f5b43165d6eac6f32b432853ebe9f09ee50c9/levenshtein-0.27.3-cp313-cp313-manylinux_2_24_x86_64.manylinux_2_28_x86_64.whl", hash = "sha256:ffdca6989368cc64f347f0423c528520f12775b812e170a0eb0c10e4c9b0f3ff", size = 153127, upload-time = "2025-11-01T12:13:29.781Z" },
    { url = "https://files.pythonhosted.org/packages/df/8f/664ac8b83026d7d1382866b68babae17e92b7b6ff8dc3c6205c0066b8ce1/levenshtein-0.27.3-cp313-cp313-musllinux_1_2_aarch64.whl", hash = "sha256:fa00ab389386032b02a1c9050ec3c6aa824d2bbcc692548fdc44a46b71c058c6", size = 1114602, upload-time = "2025-11-01T12:13:31.651Z" },
    { url = "https://files.pythonhosted.org/packages/2c/c8/8905d96cf2d7ed6af7eb39a8be0925ef335729473c1e9d1f56230ecaffc5/levenshtein-0.27.3-cp313-cp313-musllinux_1_2_armv7l.whl", hash = "sha256:691c9003c6c481b899a5c2f72e8ce05a6d956a9668dc75f2a3ce9f4381a76dc6", size = 1008036, upload-time = "2025-11-01T12:13:33.006Z" },
    { url = "https://files.pythonhosted.org/packages/c7/57/01c37608121380a6357a297625562adad1c1fc8058d4f62279b735108927/levenshtein-0.27.3-cp313-cp313-musllinux_1_2_x86_64.whl", hash = "sha256:12f7fc8bf0c24492fe97905348e020b55b9fc6dbaab7cd452566d1a466cb5e15", size = 1185338, upload-time = "2025-11-01T12:13:34.452Z" },
    { url = "https://files.pythonhosted.org/packages/dd/57/bceab41d40b58dee7927a8d1d18ed3bff7c95c5e530fb60093ce741a8c26/levenshtein-0.27.3-cp313-cp313-win32.whl", hash = "sha256:9f4872e4e19ee48eed39f214eea4eca42e5ef303f8a4a488d8312370674dbf3a", size = 84562, upload-time = "2025-11-01T12:13:35.858Z" },
    { url = "https://files.pythonhosted.org/packages/42/1d/74f1ff589bb687d0cad2bbdceef208dc070f56d1e38a3831da8c00bf13bb/levenshtein-0.27.3-cp313-cp313-win_amd64.whl", hash = "sha256:83aa2422e9a9af2c9d3e56a53e3e8de6bae58d1793628cae48c4282577c5c2c6", size = 94658, upload-time = "2025-11-01T12:13:36.963Z" },
    { url = "https://files.pythonhosted.org/packages/21/3c/22c86d3c8f254141096fd6089d2e9fdf98b1472c7a5d79d36d3557ec2d83/levenshtein-0.27.3-cp313-cp313-win_arm64.whl", hash = "sha256:d4adaf1edbcf38c3f2e290b52f4dcb5c6deff20308c26ef1127a106bc2d23e9f", size = 86929, upload-time = "2025-11-01T12:13:37.997Z" },
    { url = "https://files.pythonhosted.org/packages/0e/bc/9b7cf1b5fa098b86844d42de22549304699deff309c5c9e28b9a3fc4076a/levenshtein-0.27.3-cp313-cp313t-macosx_10_13_x86_64.whl", hash = "sha256:272e24764b8210337b65a1cfd69ce40df5d2de1a3baf1234e7f06d2826ba2e7a", size = 170360, upload-time = "2025-11-01T12:13:39.019Z" },
    { url = "https://files.pythonhosted.org/packages/dc/95/997f2c83bd4712426bf0de8143b5e4403c7ebbafb5d1271983e774de3ae7/levenshtein-0.27.3-cp313-cp313t-macosx_11_0_arm64.whl", hash = "sha256:329a8e748a4e14d56daaa11f07bce3fde53385d05bad6b3f6dd9ee7802cdc915", size = 159098, upload-time = "2025-11-01T12:13:40.17Z" },
    { url = "https://files.pythonhosted.org/packages/fc/96/123c3316ae2f72c73be4fba9756924af015da4c0e5b12804f5753c0ee511/levenshtein-0.27.3-cp313-cp313t-manylinux_2_24_aarch64.manylinux_2_28_aarch64.whl", hash = "sha256:a5fea1a9c6b9cc8729e467e2174b4359ff6bac27356bb5f31898e596b4ce133a", size = 136655, upload-time = "2025-11-01T12:13:41.262Z" },
    { url = "https://files.pythonhosted.org/packages/45/72/a3180d437736b1b9eacc3100be655a756deafb91de47c762d40eb45a9d91/levenshtein-0.27.3-cp313-cp313t-manylinux_2_24_armv7l.manylinux_2_31_armv7l.whl", hash = "sha256:3a61aa825819b6356555091d8a575d1235bd9c3753a68316a261af4856c3b487", size = 117511, upload-time = "2025-11-01T12:13:42.647Z" },
    { url = "https://files.pythonhosted.org/packages/61/f9/ba7c546a4b99347938e6661104064ab6a3651c601d59f241ffdc37510ecc/levenshtein-0.27.3-cp313-cp313t-manylinux_2_24_x86_64.manylinux_2_28_x86_64.whl", hash = "sha256:a51de7a514e8183f0a82f2947d01b014d2391426543b1c076bf5a26328cec4e4", size = 155656, upload-time = "2025-11-01T12:13:44.208Z" },
    { url = "https://files.pythonhosted.org/packages/42/cd/5edd6e1e02c3e47c8121761756dd0f85f816b636f25509118b687e6b0f96/levenshtein-0.27.3-cp313-cp313t-musllinux_1_2_aarch64.whl", hash = "sha256:53cbf726d6e92040c9be7e594d959d496bd62597ea48eba9d96105898acbeafe", size = 1116689, upload-time = "2025-11-01T12:13:45.485Z" },
    { url = "https://files.pythonhosted.org/packages/95/67/25ca0119e0c6ec17226c72638f48ef8887124597ac48ad5da111c0b3a825/levenshtein-0.27.3-cp313-cp313t-musllinux_1_2_armv7l.whl", hash = "sha256:191b358afead8561c4fcfed22f83c13bb6c8da5f5789e277f0c5aa1c45ca612f", size = 1003166, upload-time = "2025-11-01T12:13:47.126Z" },
    { url = "https://files.pythonhosted.org/packages/45/64/ab216f3fb3cef1ee7e222665537f9340d828ef84c99409ba31f2ef2a3947/levenshtein-0.27.3-cp313-cp313t-musllinux_1_2_x86_64.whl", hash = "sha256:ba1318d0635b834b8f0397014a7c43f007e65fce396a47614780c881bdff828b", size = 1189362, upload-time = "2025-11-01T12:13:48.627Z" },
    { url = "https://files.pythonhosted.org/packages/31/58/b150034858de0899a5a222974b6710618ebc0779a0695df070f7ab559a0b/levenshtein-0.27.3-cp313-cp313t-win32.whl", hash = "sha256:8dd9e1db6c3b35567043e155a686e4827c4aa28a594bd81e3eea84d3a1bd5875", size = 86149, upload-time = "2025-11-01T12:13:50.588Z" },
    { url = "https://files.pythonhosted.org/packages/0a/c4/bbe46a11073641450200e6a604b3b62d311166e8061c492612a40e560e85/levenshtein-0.27.3-cp313-cp313t-win_amd64.whl", hash = "sha256:7813ecdac7a6223264ebfea0c8d69959c43d21a99694ef28018d22c4265c2af6", size = 96685, upload-time = "2025-11-01T12:13:51.641Z" },
    { url = "https://files.pythonhosted.org/packages/23/65/30b362ad9bfc1085741776a08b6ddee3f434e9daac2920daaee2e26271bf/levenshtein-0.27.3-cp313-cp313t-win_arm64.whl", hash = "sha256:8f05a0d23d13a6f802c7af595d0e43f5b9b98b6ed390cec7a35cb5d6693b882b", size = 88538, upload-time = "2025-11-01T12:13:52.757Z" },
    { url = "https://files.pythonhosted.org/packages/f3/e1/2f705da403f865a5fa3449b155738dc9c53021698fd6926253a9af03180b/levenshtein-0.27.3-cp314-cp314-macosx_10_15_x86_64.whl", hash = "sha256:a6728bfae9a86002f0223576675fc7e2a6e7735da47185a1d13d1eaaa73dd4be", size = 169457, upload-time = "2025-11-01T12:13:53.778Z" },
    { url = "https://files.pythonhosted.org/packages/76/2c/bb6ef359e007fe7b6b3195b68a94f4dd3ecd1885ee337ee8fbd4df55996f/levenshtein-0.27.3-cp314-cp314-macosx_11_0_arm64.whl", hash = "sha256:8e5037c4a6f97a238e24aad6f98a1e984348b7931b1b04b6bd02bd4f8238150d", size = 158680, upload-time = "2025-11-01T12:13:55.005Z" },
    { url = "https://files.pythonhosted.org/packages/51/7b/de1999f4cf1cfebc3fbbf03a6d58498952d6560d9798af4b0a566e6b6f30/levenshtein-0.27.3-cp314-cp314-manylinux_2_24_aarch64.manylinux_2_28_aarch64.whl", hash = "sha256:c6cf5ecf9026bf24cf66ad019c6583f50058fae3e1b3c20e8812455b55d597f1", size = 133167, upload-time = "2025-11-01T12:13:56.426Z" },
    { url = "https://files.pythonhosted.org/packages/c7/da/aaa7f3a0a8ae8744b284043653652db3d7d93595517f9ed8158c03287692/levenshtein-0.27.3-cp314-cp314-manylinux_2_24_armv7l.manylinux_2_31_armv7l.whl", hash = "sha256:9285084bd2fc19adb47dab54ed4a71f57f78fe0d754e4a01e3c75409a25aed24", size = 114530, upload-time = "2025-11-01T12:13:57.883Z" },
    { url = "https://files.pythonhosted.org/packages/29/ce/ed422816fb30ffa3bc11597b30d5deca06b4a1388707a04215da73c65b53/levenshtein-0.27.3-cp314-cp314-manylinux_2_24_x86_64.manylinux_2_28_x86_64.whl", hash = "sha256:ce3bbbe92172a08b599d79956182c6b7ab6ec8d4adbe7237417a363b968ad87b", size = 153325, upload-time = "2025-11-01T12:13:59.318Z" },
    { url = "https://files.pythonhosted.org/packages/d9/5a/a225477a0bda154f19f1c07a5e35500d631ae25dfd620b479027d79f0d4c/levenshtein-0.27.3-cp314-cp314-musllinux_1_2_aarch64.whl", hash = "sha256:9dac48fab9d166ca90e12fb6cf6c7c8eb9c41aacf7136584411e20f7f136f745", size = 1114956, upload-time = "2025-11-01T12:14:00.543Z" },
    { url = "https://files.pythonhosted.org/packages/ca/c4/a1be1040f3cce516a5e2be68453fd0c32ac63b2e9d31f476723fd8002c09/levenshtein-0.27.3-cp314-cp314-musllinux_1_2_armv7l.whl", hash = "sha256:d37a83722dc5326c93d17078e926c4732dc4f3488dc017c6839e34cd16af92b7", size = 1007610, upload-time = "2025-11-01T12:14:02.036Z" },
    { url = "https://files.pythonhosted.org/packages/86/d7/6f50e8a307e0c2befd819b481eb3a4c2eacab3dd8101982423003fac8ea3/levenshtein-0.27.3-cp314-cp314-musllinux_1_2_x86_64.whl", hash = "sha256:3466cb8294ce586e49dd467560a153ab8d296015c538223f149f9aefd3d9f955", size = 1185379, upload-time = "2025-11-01T12:14:03.385Z" },
    { url = "https://files.pythonhosted.org/packages/6b/e5/5d8fb1b3ebd5735f53221bf95c923066bcfc132234925820128f7eee5b47/levenshtein-0.27.3-cp314-cp314-win32.whl", hash = "sha256:c848bf2457b268672b7e9e73b44f18f49856420ac50b2564cf115a6e4ef82688", size = 86328, upload-time = "2025-11-01T12:14:04.74Z" },
    { url = "https://files.pythonhosted.org/packages/30/82/8a9ccbdb4e38bd4d516f2804999dccb8cb4bcb4e33f52851735da0c73ea7/levenshtein-0.27.3-cp314-cp314-win_amd64.whl", hash = "sha256:742633f024362a4ed6ef9d7e75d68f74b041ae738985fcf55a0e6d1d4cade438", size = 96640, upload-time = "2025-11-01T12:14:06.24Z" },
    { url = "https://files.pythonhosted.org/packages/14/86/f9d15919f59f5d92c6baa500315e1fa0143a39d811427b83c54f038267ca/levenshtein-0.27.3-cp314-cp314-win_arm64.whl", hash = "sha256:9eed6851224b19e8d588ddb8eb8a4ae3c2dcabf3d1213985f0b94a67e517b1df", size = 89689, upload-time = "2025-11-01T12:14:07.379Z" },
    { url = "https://files.pythonhosted.org/packages/ed/f6/10f44975ae6dc3047b2cd260e3d4c3a5258b8d10690a42904115de24fc51/levenshtein-0.27.3-cp314-cp314t-macosx_10_15_x86_64.whl", hash = "sha256:77de69a345c76227b51a4521cd85442eb3da54c7eb6a06663a20c058fc49e683", size = 170518, upload-time = "2025-11-01T12:14:09.196Z" },
    { url = "https://files.pythonhosted.org/packages/08/07/fa294a145a0c99a814a9a807614962c1ee0f5749ca691645980462027d5d/levenshtein-0.27.3-cp314-cp314t-macosx_11_0_arm64.whl", hash = "sha256:eba2756dc1f5b962b0ff80e49abb2153d5e809cc5e7fa5e85be9410ce474795d", size = 159097, upload-time = "2025-11-01T12:14:10.404Z" },
    { url = "https://files.pythonhosted.org/packages/ae/50/24bdf37813fc30f293e53b46022b091144f4737a6a66663d2235b311bb98/levenshtein-0.27.3-cp314-cp314t-manylinux_2_24_aarch64.manylinux_2_28_aarch64.whl", hash = "sha256:2c8fcb498287e971d84260f67808ff1a06b3f6212d80fea75cf5155db80606ff", size = 136650, upload-time = "2025-11-01T12:14:11.579Z" },
    { url = "https://files.pythonhosted.org/packages/d0/a9/0399c7a190b277cdea3acc801129d9d30da57c3fa79519e7b8c3f080d86c/levenshtein-0.27.3-cp314-cp314t-manylinux_2_24_armv7l.manylinux_2_31_armv7l.whl", hash = "sha256:f067092c67464faab13e00a5c1a80da93baca8955d4d49579861400762e35591", size = 117515, upload-time = "2025-11-01T12:14:12.877Z" },
    { url = "https://files.pythonhosted.org/packages/bf/a4/1c27533e97578b385a4b8079abe8d1ce2e514717c761efbe4bf7bbd0ac2e/levenshtein-0.27.3-cp314-cp314t-manylinux_2_24_x86_64.manylinux_2_28_x86_64.whl", hash = "sha256:92415f32c68491203f2855d05eef3277d376182d014cf0859c013c89f277fbbf", size = 155711, upload-time = "2025-11-01T12:14:13.985Z" },
    { url = "https://files.pythonhosted.org/packages/50/35/bbc26638394a72b1e31a685ec251c995ee66a630c7e5c86f98770928b632/levenshtein-0.27.3-cp314-cp314t-musllinux_1_2_aarch64.whl", hash = "sha256:ef61eeaf1e0a42d7d947978d981fe4b9426b98b3dd8c1582c535f10dee044c3f", size = 1116692, upload-time = "2025-11-01T12:14:15.359Z" },
    { url = "https://files.pythonhosted.org/packages/cd/83/32fcf28b388f8dc6c36b54552b9bae289dab07d43df104893158c834cbcc/levenshtein-0.27.3-cp314-cp314t-musllinux_1_2_armv7l.whl", hash = "sha256:103bb2e9049d1aa0d1216dd09c1c9106ecfe7541bbdc1a0490b9357d42eec8f2", size = 1003167, upload-time = "2025-11-01T12:14:17.469Z" },
    { url = "https://files.pythonhosted.org/packages/d1/79/1fbf2877ec4b819f373a32ebe3c48a61ee810693593a6015108b0be97b78/levenshtein-0.27.3-cp314-cp314t-musllinux_1_2_x86_64.whl", hash = "sha256:6a64ddd1986b2a4c468b09544382287315c53585eb067f6e200c337741e057ee", size = 1189417, upload-time = "2025-11-01T12:14:19.081Z" },
    { url = "https://files.pythonhosted.org/packages/d3/ac/dad4e09f1f7459c64172e48e40ed2baf3aa92d38205bcbd1b4ff00853701/levenshtein-0.27.3-cp314-cp314t-win32.whl", hash = "sha256:957244f27dc284ccb030a8b77b8a00deb7eefdcd70052a4b1d96f375780ae9dc", size = 88144, upload-time = "2025-11-01T12:14:20.667Z" },
    { url = "https://files.pythonhosted.org/packages/c0/61/cd51dc8b8a382e17c559a9812734c3a9afc2dab7d36253516335ee16ae50/levenshtein-0.27.3-cp314-cp314t-win_amd64.whl", hash = "sha256:ccd7eaa6d8048c3ec07c93cfbcdefd4a3ae8c6aca3a370f2023ee69341e5f076", size = 98516, upload-time = "2025-11-01T12:14:21.786Z" },
    { url = "https://files.pythonhosted.org/packages/27/5e/3fb67e882c1fee01ebb7abc1c0a6669e5ff8acd060e93bfe7229e9ce6e4f/levenshtein-0.27.3-cp314-cp314t-win_arm64.whl", hash = "sha256:1d8520b89b7a27bb5aadbcc156715619bcbf556a8ac46ad932470945dca6e1bd", size = 91020, upload-time = "2025-11-01T12:14:22.944Z" },
]

[[package]]
name = "packaging"
version = "26.0"
source = { registry = "https://pypi.org/simple" }
sdist = { url = "https://files.pythonhosted.org/packages/65/ee/299d360cdc32edc7d2cf530f3accf79c4fca01e96ffc950d8a52213bd8e4/packaging-26.0.tar.gz", hash = "sha256:00243ae351a257117b6a241061796684b084ed1c516a08c48a3f7e147a9d80b4", size = 143416, upload-time = "2026-01-21T20:50:39.064Z" }
wheels = [
    { url = "https://files.pythonhosted.org/packages/b7/b9/c538f279a4e237a006a2c98387d081e9eb060d203d8ed34467cc0f0b9b53/packaging-26.0-py3-none-any.whl", hash = "sha256:b36f1fef9334a5588b4166f8bcd26a14e521f2b55e6b9de3aaa80d3ff7a37529", size = 74366, upload-time = "2026-01-21T20:50:37.788Z" },
]

[[package]]
name = "pluggy"
version = "1.6.0"
source = { registry = "https://pypi.org/simple" }
sdist = { url = "https://files.pythonhosted.org/packages/f9/e2/3e91f31a7d2b083fe6ef3fa267035b518369d9511ffab804f839851d2779/pluggy-1.6.0.tar.gz", hash = "sha256:7dcc130b76258d33b90f61b658791dede3486c3e6bfb003ee5c9bfb396dd22f3", size = 69412, upload-time = "2025-05-15T12:30:07.975Z" }
wheels = [
    { url = "https://files.pythonhosted.org/packages/54/20/4d324d65cc6d9205fabedc306948156824eb9f0ee1633355a8f7ec5c66bf/pluggy-1.6.0-py3-none-any.whl", hash = "sha256:e920276dd6813095e9377c0bc5566d94c932c33b27a3e3945d8389c374dd4746", size = 20538, upload-time = "2025-05-15T12:30:06.134Z" },
]

[[package]]
name = "pygments"
version = "2.19.2"
source = { registry = "https://pypi.org/simple" }
sdist = { url = "https://files.pythonhosted.org/packages/b0/77/a5b8c569bf593b0140bde72ea885a803b82086995367bf2037de0159d924/pygments-2.19.2.tar.gz", hash = "sha256:636cb2477cec7f8952536970bc533bc43743542f70392ae026374600add5b887", size = 4968631, upload-time = "2025-06-21T13:39:12.283Z" }
wheels = [
    { url = "https://files.pythonhosted.org/packages/c7/21/705964c7812476f378728bdf590ca4b771ec72385c533964653c68e86bdc/pygments-2.19.2-py3-none-any.whl", hash = "sha256:86540386c03d588bb81d44bc3928634ff26449851e99741617ecb9037ee5ec0b", size = 1225217, upload-time = "2025-06-21T13:39:07.939Z" },
]

[[package]]
name = "pytest"
version = "9.0.2"
source = { registry = "https://pypi.org/simple" }
dependencies = [
    { name = "colorama", marker = "sys_platform == 'win32'" },
    { name = "iniconfig" },
    { name = "packaging" },
    { name = "pluggy" },
    { name = "pygments" },
]
sdist = { url = "https://files.pythonhosted.org/packages/d1/db/7ef3487e0fb0049ddb5ce41d3a49c235bf9ad299b6a25d5780a89f19230f/pytest-9.0.2.tar.gz", hash = "sha256:75186651a92bd89611d1d9fc20f0b4345fd827c41ccd5c299a868a05d70edf11", size = 1568901, upload-time = "2025-12-06T21:30:51.014Z" }
wheels = [
    { url = "https://files.pythonhosted.org/packages/3b/ab/b3226f0bd7cdcf710fbede2b3548584366da3b19b5021e74f5bde2a8fa3f/pytest-9.0.2-py3-none-any.whl", hash = "sha256:711ffd45bf766d5264d487b917733b453d917afd2b0ad65223959f59089f875b", size = 374801, upload-time = "2025-12-06T21:30:49.154Z" },
]

[[package]]
name = "python-levenshtein"
version = "0.27.3"
source = { registry = "https://pypi.org/simple" }
dependencies = [
    { name = "levenshtein" },
]
sdist = { url = "https://files.pythonhosted.org/packages/f6/b4/36eda4188dd19d3cb53d8a8749d7520bd23dfe1c1f44e56ea9dcd0232274/python_levenshtein-0.27.3.tar.gz", hash = "sha256:27dc2d65aeb62a7d6852388f197073296370779286c0860b087357f3b8129a62", size = 12446, upload-time = "2025-11-01T12:54:59.712Z" }
wheels = [
    { url = "https://files.pythonhosted.org/packages/7b/5b/26e3cca2589252ceabf964ba81514e6f48556553c9c2766e1a0fdceec696/python_levenshtein-0.27.3-py3-none-any.whl", hash = "sha256:5d6168a8e8befb25abf04d2952368a446722be10e8ced218d0dc4fd3703a43a1", size = 9504, upload-time = "2025-11-01T12:54:58.933Z" },
]

[[package]]
name = "rapidfuzz"
version = "3.14.3"
source = { registry = "https://pypi.org/simple" }
sdist = { url = "https://files.pythonhosted.org/packages/d3/28/9d808fe62375b9aab5ba92fa9b29371297b067c2790b2d7cda648b1e2f8d/rapidfuzz-3.14.3.tar.gz", hash = "sha256:2491937177868bc4b1e469087601d53f925e8d270ccc21e07404b4b5814b7b5f", size = 57863900, upload-time = "2025-11-01T11:54:52.321Z" }
wheels = [
    { url = "https://files.pythonhosted.org/packages/fa/8e/3c215e860b458cfbedb3ed73bc72e98eb7e0ed72f6b48099604a7a3260c2/rapidfuzz-3.14.3-cp312-cp312-macosx_10_13_x86_64.whl", hash = "sha256:685c93ea961d135893b5984a5a9851637d23767feabe414ec974f43babbd8226", size = 1945306, upload-time = "2025-11-01T11:53:06.452Z" },
    { url = "https://files.pythonhosted.org/packages/36/d9/31b33512015c899f4a6e6af64df8dfe8acddf4c8b40a4b3e0e6e1bcd00e5/rapidfuzz-3.14.3-cp312-cp312-macosx_11_0_arm64.whl", hash = "sha256:fa7c8f26f009f8c673fbfb443792f0cf8cf50c4e18121ff1e285b5e08a94fbdb", size = 1390788, upload-time = "2025-11-01T11:53:08.721Z" },
    { url = "https://files.pythonhosted.org/packages/a9/67/2ee6f8de6e2081ccd560a571d9c9063184fe467f484a17fa90311a7f4a2e/rapidfuzz-3.14.3-cp312-cp312-manylinux_2_26_aarch64.manylinux_2_28_aarch64.whl", hash = "sha256:57f878330c8d361b2ce76cebb8e3e1dc827293b6abf404e67d53260d27b5d941", size = 1374580, upload-time = "2025-11-01T11:53:10.164Z" },
    { url = "https://files.pythonhosted.org/packages/30/83/80d22997acd928eda7deadc19ccd15883904622396d6571e935993e0453a/rapidfuzz-3.14.3-cp312-cp312-manylinux_2_27_x86_64.manylinux_2_28_x86_64.whl", hash = "sha256:6c5f545f454871e6af05753a0172849c82feaf0f521c5ca62ba09e1b382d6382", size = 3154947, upload-time = "2025-11-01T11:53:12.093Z" },
    { url = "https://files.pythonhosted.org/packages/5b/cf/9f49831085a16384695f9fb096b99662f589e30b89b4a589a1ebc1a19d34/rapidfuzz-3.14.3-cp312-cp312-manylinux_2_31_armv7l.whl", hash = "sha256:07aa0b5d8863e3151e05026a28e0d924accf0a7a3b605da978f0359bb804df43", size = 1223872, upload-time = "2025-11-01T11:53:13.664Z" },
    { url = "https://files.pythonhosted.org/packages/c8/0f/41ee8034e744b871c2e071ef0d360686f5ccfe5659f4fd96c3ec406b3c8b/rapidfuzz-3.14.3-cp312-cp312-musllinux_1_2_aarch64.whl", hash = "sha256:73b07566bc7e010e7b5bd490fb04bb312e820970180df6b5655e9e6224c137db", size = 2392512, upload-time = "2025-11-01T11:53:15.109Z" },
    { url = "https://files.pythonhosted.org/packages/da/86/280038b6b0c2ccec54fb957c732ad6b41cc1fd03b288d76545b9cf98343f/rapidfuzz-3.14.3-cp312-cp312-musllinux_1_2_armv7l.whl", hash = "sha256:6de00eb84c71476af7d3110cf25d8fe7c792d7f5fa86764ef0b4ca97e78ca3ed", size = 2521398, upload-time = "2025-11-01T11:53:17.146Z" },
    { url = "https://files.pythonhosted.org/packages/fa/7b/05c26f939607dca0006505e3216248ae2de631e39ef94dd63dbbf0860021/rapidfuzz-3.14.3-cp312-cp312-musllinux_1_2_x86_64.whl", hash = "sha256:d7843a1abf0091773a530636fdd2a49a41bcae22f9910b86b4f903e76ddc82dc", size = 4259416, upload-time = "2025-11-01T11:53:19.34Z" },
    { url = "https://files.pythonhosted.org/packages/40/eb/9e3af4103d91788f81111af1b54a28de347cdbed8eaa6c91d5e98a889aab/rapidfuzz-3.14.3-cp312-cp312-win32.whl", hash = "sha256:dea97ac3ca18cd3ba8f3d04b5c1fe4aa60e58e8d9b7793d3bd595fdb04128d7a", size = 1709527, upload-time = "2025-11-01T11:53:20.949Z" },
    { url = "https://files.pythonhosted.org/packages/b8/63/d06ecce90e2cf1747e29aeab9f823d21e5877a4c51b79720b2d3be7848f8/rapidfuzz-3.14.3-cp312-cp312-win_amd64.whl", hash = "sha256:b5100fd6bcee4d27f28f4e0a1c6b5127bc8ba7c2a9959cad9eab0bf4a7ab3329", size = 1538989, upload-time = "2025-11-01T11:53:22.428Z" },
    { url = "https://files.pythonhosted.org/packages/fc/6d/beee32dcda64af8128aab3ace2ccb33d797ed58c434c6419eea015fec779/rapidfuzz-3.14.3-cp312-cp312-win_arm64.whl", hash = "sha256:4e49c9e992bc5fc873bd0fff7ef16a4405130ec42f2ce3d2b735ba5d3d4eb70f", size = 811161, upload-time = "2025-11-01T11:53:23.811Z" },
    { url = "https://files.pythonhosted.org/packages/e4/4f/0d94d09646853bd26978cb3a7541b6233c5760687777fa97da8de0d9a6ac/rapidfuzz-3.14.3-cp313-cp313-macosx_10_13_x86_64.whl", hash = "sha256:dbcb726064b12f356bf10fffdb6db4b6dce5390b23627c08652b3f6e49aa56ae", size = 1939646, upload-time = "2025-11-01T11:53:25.292Z" },
    { url = "https://files.pythonhosted.org/packages/b6/eb/f96aefc00f3bbdbab9c0657363ea8437a207d7545ac1c3789673e05d80bd/rapidfuzz-3.14.3-cp313-cp313-macosx_11_0_arm64.whl", hash = "sha256:1704fc70d214294e554a2421b473779bcdeef715881c5e927dc0f11e1692a0ff", size = 1385512, upload-time = "2025-11-01T11:53:27.594Z" },
    { url = "https://files.pythonhosted.org/packages/26/34/71c4f7749c12ee223dba90017a5947e8f03731a7cc9f489b662a8e9e643d/rapidfuzz-3.14.3-cp313-cp313-manylinux_2_26_aarch64.manylinux_2_28_aarch64.whl", hash = "sha256:cc65e72790ddfd310c2c8912b45106e3800fefe160b0c2ef4d6b6fec4e826457", size = 1373571, upload-time = "2025-11-01T11:53:29.096Z" },
    { url = "https://files.pythonhosted.org/packages/32/00/ec8597a64f2be301ce1ee3290d067f49f6a7afb226b67d5f15b56d772ba5/rapidfuzz-3.14.3-cp313-cp313-manylinux_2_27_x86_64.manylinux_2_28_x86_64.whl", hash = "sha256:43e38c1305cffae8472572a0584d4ffc2f130865586a81038ca3965301f7c97c", size = 3156759, upload-time = "2025-11-01T11:53:30.777Z" },
    { url = "https://files.pythonhosted.org/packages/61/d5/b41eeb4930501cc899d5a9a7b5c9a33d85a670200d7e81658626dcc0ecc0/rapidfuzz-3.14.3-cp313-cp313-manylinux_2_31_armv7l.whl", hash = "sha256:e195a77d06c03c98b3fc06b8a28576ba824392ce40de8c708f96ce04849a052e", size = 1222067, upload-time = "2025-11-01T11:53:32.334Z" },
    { url = "https://files.pythonhosted.org/packages/2a/7d/6d9abb4ffd1027c6ed837b425834f3bed8344472eb3a503ab55b3407c721/rapidfuzz-3.14.3-cp313-cp313-musllinux_1_2_aarch64.whl", hash = "sha256:1b7ef2f4b8583a744338a18f12c69693c194fb6777c0e9ada98cd4d9e8f09d10", size = 2394775, upload-time = "2025-11-01T11:53:34.24Z" },
    { url = "https://files.pythonhosted.org/packages/15/ce/4f3ab4c401c5a55364da1ffff8cc879fc97b4e5f4fa96033827da491a973/rapidfuzz-3.14.3-cp313-cp313-musllinux_1_2_armv7l.whl", hash = "sha256:a2135b138bcdcb4c3742d417f215ac2d8c2b87bde15b0feede231ae95f09ec41", size = 2526123, upload-time = "2025-11-01T11:53:35.779Z" },
    { url = "https://files.pythonhosted.org/packages/c1/4b/54f804975376a328f57293bd817c12c9036171d15cf7292032e3f5820b2d/rapidfuzz-3.14.3-cp313-cp313-musllinux_1_2_x86_64.whl", hash = "sha256:33a325ed0e8e1aa20c3e75f8ab057a7b248fdea7843c2a19ade0008906c14af0", size = 4262874, upload-time = "2025-11-01T11:53:37.866Z" },
    { url = "https://files.pythonhosted.org/packages/e9/b6/958db27d8a29a50ee6edd45d33debd3ce732e7209183a72f57544cd5fe22/rapidfuzz-3.14.3-cp313-cp313-win32.whl", hash = "sha256:8383b6d0d92f6cd008f3c9216535be215a064b2cc890398a678b56e6d280cb63", size = 1707972, upload-time = "2025-11-01T11:53:39.442Z" },
    { url = "https://files.pythonhosted.org/packages/07/75/fde1f334b0cec15b5946d9f84d73250fbfcc73c236b4bc1b25129d90876b/rapidfuzz-3.14.3-cp313-cp313-win_amd64.whl", hash = "sha256:e6b5e3036976f0fde888687d91be86d81f9ac5f7b02e218913c38285b756be6c", size = 1537011, upload-time = "2025-11-01T11:53:40.92Z" },
    { url = "https://files.pythonhosted.org/packages/2e/d7/d83fe001ce599dc7ead57ba1debf923dc961b6bdce522b741e6b8c82f55c/rapidfuzz-3.14.3-cp313-cp313-win_arm64.whl", hash = "sha256:7ba009977601d8b0828bfac9a110b195b3e4e79b350dcfa48c11269a9f1918a0", size = 810744, upload-time = "2025-11-01T11:53:42.723Z" },
    { url = "https://files.pythonhosted.org/packages/92/13/a486369e63ff3c1a58444d16b15c5feb943edd0e6c28a1d7d67cb8946b8f/rapidfuzz-3.14.3-cp313-cp313t-macosx_10_13_x86_64.whl", hash = "sha256:a0a28add871425c2fe94358c6300bbeb0bc2ed828ca003420ac6825408f5a424", size = 1967702, upload-time = "2025-11-01T11:53:44.554Z" },
    { url = "https://files.pythonhosted.org/packages/f1/82/efad25e260b7810f01d6b69122685e355bed78c94a12784bac4e0beb2afb/rapidfuzz-3.14.3-cp313-cp313t-macosx_11_0_arm64.whl", hash = "sha256:010e12e2411a4854b0434f920e72b717c43f8ec48d57e7affe5c42ecfa05dd0e", size = 1410702, upload-time = "2025-11-01T11:53:46.066Z" },
    { url = "https://files.pythonhosted.org/packages/ba/1a/34c977b860cde91082eae4a97ae503f43e0d84d4af301d857679b66f9869/rapidfuzz-3.14.3-cp313-cp313t-manylinux_2_26_aarch64.manylinux_2_28_aarch64.whl", hash = "sha256:5cfc3d57abd83c734d1714ec39c88a34dd69c85474918ebc21296f1e61eb5ca8", size = 1382337, upload-time = "2025-11-01T11:53:47.62Z" },
    { url = "https://files.pythonhosted.org/packages/88/74/f50ea0e24a5880a9159e8fd256b84d8f4634c2f6b4f98028bdd31891d907/rapidfuzz-3.14.3-cp313-cp313t-manylinux_2_27_x86_64.manylinux_2_28_x86_64.whl", hash = "sha256:89acb8cbb52904f763e5ac238083b9fc193bed8d1f03c80568b20e4cef43a519", size = 3165563, upload-time = "2025-11-01T11:53:49.216Z" },
    { url = "https://files.pythonhosted.org/packages/e8/7a/e744359404d7737049c26099423fc54bcbf303de5d870d07d2fb1410f567/rapidfuzz-3.14.3-cp313-cp313t-manylinux_2_31_armv7l.whl", hash = "sha256:7d9af908c2f371bfb9c985bd134e295038e3031e666e4b2ade1e7cb7f5af2f1a", size = 1214727, upload-time = "2025-11-01T11:53:50.883Z" },
    { url = "https://files.pythonhosted.org/packages/d3/2e/87adfe14ce75768ec6c2b8acd0e05e85e84be4be5e3d283cdae360afc4fe/rapidfuzz-3.14.3-cp313-cp313t-musllinux_1_2_aarch64.whl", hash = "sha256:1f1925619627f8798f8c3a391d81071336942e5fe8467bc3c567f982e7ce2897", size = 2403349, upload-time = "2025-11-01T11:53:52.322Z" },
    { url = "https://files.pythonhosted.org/packages/70/17/6c0b2b2bff9c8b12e12624c07aa22e922b0c72a490f180fa9183d1ef2c75/rapidfuzz-3.14.3-cp313-cp313t-musllinux_1_2_armv7l.whl", hash = "sha256:152555187360978119e98ce3e8263d70dd0c40c7541193fc302e9b7125cf8f58", size = 2507596, upload-time = "2025-11-01T11:53:53.835Z" },
    { url = "https://files.pythonhosted.org/packages/c3/d1/87852a7cbe4da7b962174c749a47433881a63a817d04f3e385ea9babcd9e/rapidfuzz-3.14.3-cp313-cp313t-musllinux_1_2_x86_64.whl", hash = "sha256:52619d25a09546b8db078981ca88939d72caa6b8701edd8b22e16482a38e799f", size = 4273595, upload-time = "2025-11-01T11:53:55.961Z" },
    { url = "https://files.pythonhosted.org/packages/c1/ab/1d0354b7d1771a28fa7fe089bc23acec2bdd3756efa2419f463e3ed80e16/rapidfuzz-3.14.3-cp313-cp313t-win32.whl", hash = "sha256:489ce98a895c98cad284f0a47960c3e264c724cb4cfd47a1430fa091c0c25204", size = 1757773, upload-time = "2025-11-01T11:53:57.628Z" },
    { url = "https://files.pythonhosted.org/packages/0b/0c/71ef356adc29e2bdf74cd284317b34a16b80258fa0e7e242dd92cc1e6d10/rapidfuzz-3.14.3-cp313-cp313t-win_amd64.whl", hash = "sha256:656e52b054d5b5c2524169240e50cfa080b04b1c613c5f90a2465e84888d6f15", size = 1576797, upload-time = "2025-11-01T11:53:59.455Z" },
    { url = "https://files.pythonhosted.org/packages/fe/d2/0e64fc27bb08d4304aa3d11154eb5480bcf5d62d60140a7ee984dc07468a/rapidfuzz-3.14.3-cp313-cp313t-win_arm64.whl", hash = "sha256:c7e40c0a0af02ad6e57e89f62bef8604f55a04ecae90b0ceeda591bbf5923317", size = 829940, upload-time = "2025-11-01T11:54:01.1Z" },
    { url = "https://files.pythonhosted.org/packages/32/6f/1b88aaeade83abc5418788f9e6b01efefcd1a69d65ded37d89cd1662be41/rapidfuzz-3.14.3-cp314-cp314-macosx_10_15_x86_64.whl", hash = "sha256:442125473b247227d3f2de807a11da6c08ccf536572d1be943f8e262bae7e4ea", size = 1942086, upload-time = "2025-11-01T11:54:02.592Z" },
    { url = "https://files.pythonhosted.org/packages/a0/2c/b23861347436cb10f46c2bd425489ec462790faaa360a54a7ede5f78de88/rapidfuzz-3.14.3-cp314-cp314-macosx_11_0_arm64.whl", hash = "sha256:1ec0c8c0c3d4f97ced46b2e191e883f8c82dbbf6d5ebc1842366d7eff13cd5a6", size = 1386993, upload-time = "2025-11-01T11:54:04.12Z" },
    { url = "https://files.pythonhosted.org/packages/83/86/5d72e2c060aa1fbdc1f7362d938f6b237dff91f5b9fc5dd7cc297e112250/rapidfuzz-3.14.3-cp314-cp314-manylinux_2_26_aarch64.manylinux_2_28_aarch64.whl", hash = "sha256:2dc37bc20272f388b8c3a4eba4febc6e77e50a8f450c472def4751e7678f55e4", size = 1379126, upload-time = "2025-11-01T11:54:05.777Z" },
    { url = "https://files.pythonhosted.org/packages/c9/bc/ef2cee3e4d8b3fc22705ff519f0d487eecc756abdc7c25d53686689d6cf2/rapidfuzz-3.14.3-cp314-cp314-manylinux_2_27_x86_64.manylinux_2_28_x86_64.whl", hash = "sha256:dee362e7e79bae940a5e2b3f6d09c6554db6a4e301cc68343886c08be99844f1", size = 3159304, upload-time = "2025-11-01T11:54:07.351Z" },
    { url = "https://files.pythonhosted.org/packages/a0/36/dc5f2f62bbc7bc90be1f75eeaf49ed9502094bb19290dfb4747317b17f12/rapidfuzz-3.14.3-cp314-cp314-manylinux_2_31_armv7l.whl", hash = "sha256:4b39921df948388a863f0e267edf2c36302983459b021ab928d4b801cbe6a421", size = 1218207, upload-time = "2025-11-01T11:54:09.641Z" },
    { url = "https://files.pythonhosted.org/packages/df/7e/8f4be75c1bc62f47edf2bbbe2370ee482fae655ebcc4718ac3827ead3904/rapidfuzz-3.14.3-cp314-cp314-musllinux_1_2_aarch64.whl", hash = "sha256:beda6aa9bc44d1d81242e7b291b446be352d3451f8217fcb068fc2933927d53b", size = 2401245, upload-time = "2025-11-01T11:54:11.543Z" },
    { url = "https://files.pythonhosted.org/packages/05/38/f7c92759e1bb188dd05b80d11c630ba59b8d7856657baf454ff56059c2ab/rapidfuzz-3.14.3-cp314-cp314-musllinux_1_2_armv7l.whl", hash = "sha256:6a014ba09657abfcfeed64b7d09407acb29af436d7fc075b23a298a7e4a6b41c", size = 2518308, upload-time = "2025-11-01T11:54:13.134Z" },
    { url = "https://files.pythonhosted.org/packages/c7/ac/85820f70fed5ecb5f1d9a55f1e1e2090ef62985ef41db289b5ac5ec56e28/rapidfuzz-3.14.3-cp314-cp314-musllinux_1_2_x86_64.whl", hash = "sha256:32eeafa3abce138bb725550c0e228fc7eaeec7059aa8093d9cbbec2b58c2371a", size = 4265011, upload-time = "2025-11-01T11:54:15.087Z" },
    { url = "https://files.pythonhosted.org/packages/46/a9/616930721ea9835c918af7cde22bff17f9db3639b0c1a7f96684be7f5630/rapidfuzz-3.14.3-cp314-cp314-win32.whl", hash = "sha256:adb44d996fc610c7da8c5048775b21db60dd63b1548f078e95858c05c86876a3", size = 1742245, upload-time = "2025-11-01T11:54:17.19Z" },
    { url = "https://files.pythonhosted.org/packages/06/8a/f2fa5e9635b1ccafda4accf0e38246003f69982d7c81f2faa150014525a4/rapidfuzz-3.14.3-cp314-cp314-win_amd64.whl", hash = "sha256:f3d15d8527e2b293e38ce6e437631af0708df29eafd7c9fc48210854c94472f9", size = 1584856, upload-time = "2025-11-01T11:54:18.764Z" },
    { url = "https://files.pythonhosted.org/packages/ef/97/09e20663917678a6d60d8e0e29796db175b1165e2079830430342d5298be/rapidfuzz-3.14.3-cp314-cp314-win_arm64.whl", hash = "sha256:576e4b9012a67e0bf54fccb69a7b6c94d4e86a9540a62f1a5144977359133583", size = 833490, upload-time = "2025-11-01T11:54:20.753Z" },
    { url = "https://files.pythonhosted.org/packages/03/1b/6b6084576ba87bf21877c77218a0c97ba98cb285b0c02eaaee3acd7c4513/rapidfuzz-3.14.3-cp314-cp314t-macosx_10_15_x86_64.whl", hash = "sha256:cec3c0da88562727dd5a5a364bd9efeb535400ff0bfb1443156dd139a1dd7b50", size = 1968658, upload-time = "2025-11-01T11:54:22.25Z" },
    { url = "https://files.pythonhosted.org/packages/38/c0/fb02a0db80d95704b0a6469cc394e8c38501abf7e1c0b2afe3261d1510c2/rapidfuzz-3.14.3-cp314-cp314t-macosx_11_0_arm64.whl", hash = "sha256:d1fa009f8b1100e4880868137e7bf0501422898f7674f2adcd85d5a67f041296", size = 1410742, upload-time = "2025-11-01T11:54:23.863Z" },
    { url = "https://files.pythonhosted.org/packages/a4/72/3fbf12819fc6afc8ec75a45204013b40979d068971e535a7f3512b05e765/rapidfuzz-3.14.3-cp314-cp314t-manylinux_2_26_aarch64.manylinux_2_28_aarch64.whl", hash = "sha256:1b86daa7419b5e8b180690efd1fdbac43ff19230803282521c5b5a9c83977655", size = 1382810, upload-time = "2025-11-01T11:54:25.571Z" },
    { url = "https://files.pythonhosted.org/packages/0f/18/0f1991d59bb7eee28922a00f79d83eafa8c7bfb4e8edebf4af2a160e7196/rapidfuzz-3.14.3-cp314-cp314t-manylinux_2_27_x86_64.manylinux_2_28_x86_64.whl", hash = "sha256:c7bd1816db05d6c5ffb3a4df0a2b7b56fb8c81ef584d08e37058afa217da91b1", size = 3166349, upload-time = "2025-11-01T11:54:27.195Z" },
    { url = "https://files.pythonhosted.org/packages/0d/f0/baa958b1989c8f88c78bbb329e969440cf330b5a01a982669986495bb980/rapidfuzz-3.14.3-cp314-cp314t-manylinux_2_31_armv7l.whl", hash = "sha256:33da4bbaf44e9755b0ce192597f3bde7372fe2e381ab305f41b707a95ac57aa7", size = 1214994, upload-time = "2025-11-01T11:54:28.821Z" },
    { url = "https://files.pythonhosted.org/packages/e4/a0/cd12ec71f9b2519a3954febc5740291cceabc64c87bc6433afcb36259f3b/rapidfuzz-3.14.3-cp314-cp314t-musllinux_1_2_aarch64.whl", hash = "sha256:3fecce764cf5a991ee2195a844196da840aba72029b2612f95ac68a8b74946bf", size = 2403919, upload-time = "2025-11-01T11:54:30.393Z" },
    { url = "https://files.pythonhosted.org/packages/0b/ce/019bd2176c1644098eced4f0595cb4b3ef52e4941ac9a5854f209d0a6e16/rapidfuzz-3.14.3-cp314-cp314t-musllinux_1_2_armv7l.whl", hash = "sha256:ecd7453e02cf072258c3a6b8e930230d789d5d46cc849503729f9ce475d0e785", size = 2508346, upload-time = "2025-11-01T11:54:32.048Z" },
    { url = "https://files.pythonhosted.org/packages/23/f8/be16c68e2c9e6c4f23e8f4adbb7bccc9483200087ed28ff76c5312da9b14/rapidfuzz-3.14.3-cp314-cp314t-musllinux_1_2_x86_64.whl", hash = "sha256:ea188aa00e9bcae8c8411f006a5f2f06c4607a02f24eab0d8dc58566aa911f35", size = 4274105, upload-time = "2025-11-01T11:54:33.701Z" },
    { url = "https://files.pythonhosted.org/packages/a1/d1/5ab148e03f7e6ec8cd220ccf7af74d3aaa4de26dd96df58936beb7cba820/rapidfuzz-3.14.3-cp314-cp314t-win32.whl", hash = "sha256:7ccbf68100c170e9a0581accbe9291850936711548c6688ce3bfb897b8c589ad", size = 1793465, upload-time = "2025-11-01T11:54:35.331Z" },
    { url = "https://files.pythonhosted.org/packages/cd/97/433b2d98e97abd9fff1c470a109b311669f44cdec8d0d5aa250aceaed1fb/rapidfuzz-3.14.3-cp314-cp314t-win_amd64.whl", hash = "sha256:9ec02e62ae765a318d6de38df609c57fc6dacc65c0ed1fd489036834fd8a620c", size = 1623491, upload-time = "2025-11-01T11:54:38.085Z" },
    { url = "https://files.pythonhosted.org/packages/e2/f6/e2176eb94f94892441bce3ddc514c179facb65db245e7ce3356965595b19/rapidfuzz-3.14.3-cp314-cp314t-win_arm64.whl", hash = "sha256:e805e52322ae29aa945baf7168b6c898120fbc16d2b8f940b658a5e9e3999253", size = 851487, upload-time = "2025-11-01T11:54:40.176Z" },
]

[[package]]
name = "ruff"
version = "0.15.4"
source = { registry = "https://pypi.org/simple" }
sdist = { url = "https://files.pythonhosted.org/packages/da/31/d6e536cdebb6568ae75a7f00e4b4819ae0ad2640c3604c305a0428680b0c/ruff-0.15.4.tar.gz", hash = "sha256:3412195319e42d634470cc97aa9803d07e9d5c9223b99bcb1518f0c725f26ae1", size = 4569550, upload-time = "2026-02-26T20:04:14.959Z" }
wheels = [
    { url = "https://files.pythonhosted.org/packages/f2/82/c11a03cfec3a4d26a0ea1e571f0f44be5993b923f905eeddfc397c13d360/ruff-0.15.4-py3-none-linux_armv6l.whl", hash = "sha256:a1810931c41606c686bae8b5b9a8072adac2f611bb433c0ba476acba17a332e0", size = 10453333, upload-time = "2026-02-26T20:04:20.093Z" },
    { url = "https://files.pythonhosted.org/packages/ce/5d/6a1f271f6e31dffb31855996493641edc3eef8077b883eaf007a2f1c2976/ruff-0.15.4-py3-none-macosx_10_12_x86_64.whl", hash = "sha256:5a1632c66672b8b4d3e1d1782859e98d6e0b4e70829530666644286600a33992", size = 10853356, upload-time = "2026-02-26T20:04:05.808Z" },
    { url = "https://files.pythonhosted.org/packages/b1/d8/0fab9f8842b83b1a9c2bf81b85063f65e93fb512e60effa95b0be49bfc54/ruff-0.15.4-py3-none-macosx_11_0_arm64.whl", hash = "sha256:a4386ba2cd6c0f4ff75252845906acc7c7c8e1ac567b7bc3d373686ac8c222ba", size = 10187434, upload-time = "2026-02-26T20:03:54.656Z" },
    { url = "https://files.pythonhosted.org/packages/85/cc/cc220fd9394eff5db8d94dec199eec56dd6c9f3651d8869d024867a91030/ruff-0.15.4-py3-none-manylinux_2_17_aarch64.manylinux2014_aarch64.whl", hash = "sha256:b2496488bdfd3732747558b6f95ae427ff066d1fcd054daf75f5a50674411e75", size = 10535456, upload-time = "2026-02-26T20:03:52.738Z" },
    { url = "https://files.pythonhosted.org/packages/fa/0f/bced38fa5cf24373ec767713c8e4cadc90247f3863605fb030e597878661/ruff-0.15.4-py3-none-manylinux_2_17_armv7l.manylinux2014_armv7l.whl", hash = "sha256:3f1c4893841ff2d54cbda1b2860fa3260173df5ddd7b95d370186f8a5e66a4ac", size = 10287772, upload-time = "2026-02-26T20:04:08.138Z" },
    { url = "https://files.pythonhosted.org/packages/2b/90/58a1802d84fed15f8f281925b21ab3cecd813bde52a8ca033a4de8ab0e7a/ruff-0.15.4-py3-none-manylinux_2_17_i686.manylinux2014_i686.whl", hash = "sha256:820b8766bd65503b6c30aaa6331e8ef3a6e564f7999c844e9a547c40179e440a", size = 11049051, upload-time = "2026-02-26T20:04:03.53Z" },
    { url = "https://files.pythonhosted.org/packages/d2/ac/b7ad36703c35f3866584564dc15f12f91cb1a26a897dc2fd13d7cb3ae1af/ruff-0.15.4-py3-none-manylinux_2_17_ppc64le.manylinux2014_ppc64le.whl", hash = "sha256:c9fb74bab47139c1751f900f857fa503987253c3ef89129b24ed375e72873e85", size = 11890494, upload-time = "2026-02-26T20:04:10.497Z" },
    { url = "https://files.pythonhosted.org/packages/93/3d/3eb2f47a39a8b0da99faf9c54d3eb24720add1e886a5309d4d1be73a6380/ruff-0.15.4-py3-none-manylinux_2_17_s390x.manylinux2014_s390x.whl", hash = "sha256:f80c98765949c518142b3a50a5db89343aa90f2c2bf7799de9986498ae6176db", size = 11326221, upload-time = "2026-02-26T20:04:12.84Z" },
    { url = "https://files.pythonhosted.org/packages/ff/90/bf134f4c1e5243e62690e09d63c55df948a74084c8ac3e48a88468314da6/ruff-0.15.4-py3-none-manylinux_2_17_x86_64.manylinux2014_x86_64.whl", hash = "sha256:451a2e224151729b3b6c9ffb36aed9091b2996fe4bdbd11f47e27d8f2e8888ec", size = 11168459, upload-time = "2026-02-26T20:04:00.969Z" },
    { url = "https://files.pythonhosted.org/packages/b5/e5/a64d27688789b06b5d55162aafc32059bb8c989c61a5139a36e1368285eb/ruff-0.15.4-py3-none-manylinux_2_31_riscv64.whl", hash = "sha256:a8f157f2e583c513c4f5f896163a93198297371f34c04220daf40d133fdd4f7f", size = 11104366, upload-time = "2026-02-26T20:03:48.099Z" },
    { url = "https://files.pythonhosted.org/packages/f1/f6/32d1dcb66a2559763fc3027bdd65836cad9eb09d90f2ed6a63d8e9252b02/ruff-0.15.4-py3-none-musllinux_1_2_aarch64.whl", hash = "sha256:917cc68503357021f541e69b35361c99387cdbbf99bd0ea4aa6f28ca99ff5338", size = 10510887, upload-time = "2026-02-26T20:03:45.771Z" },
    { url = "https://files.pythonhosted.org/packages/ff/92/22d1ced50971c5b6433aed166fcef8c9343f567a94cf2b9d9089f6aa80fe/ruff-0.15.4-py3-none-musllinux_1_2_armv7l.whl", hash = "sha256:e9737c8161da79fd7cfec19f1e35620375bd8b2a50c3e77fa3d2c16f574105cc", size = 10285939, upload-time = "2026-02-26T20:04:22.42Z" },
    { url = "https://files.pythonhosted.org/packages/e6/f4/7c20aec3143837641a02509a4668fb146a642fd1211846634edc17eb5563/ruff-0.15.4-py3-none-musllinux_1_2_i686.whl", hash = "sha256:291258c917539e18f6ba40482fe31d6f5ac023994ee11d7bdafd716f2aab8a68", size = 10765471, upload-time = "2026-02-26T20:03:58.924Z" },
    { url = "https://files.pythonhosted.org/packages/d0/09/6d2f7586f09a16120aebdff8f64d962d7c4348313c77ebb29c566cefc357/ruff-0.15.4-py3-none-musllinux_1_2_x86_64.whl", hash = "sha256:3f83c45911da6f2cd5936c436cf86b9f09f09165f033a99dcf7477e34041cbc3", size = 11263382, upload-time = "2026-02-26T20:04:24.424Z" },
    { url = "https://files.pythonhosted.org/packages/1b/fa/2ef715a1cd329ef47c1a050e10dee91a9054b7ce2fcfdd6a06d139afb7ec/ruff-0.15.4-py3-none-win32.whl", hash = "sha256:65594a2d557d4ee9f02834fcdf0a28daa8b3b9f6cb2cb93846025a36db47ef22", size = 10506664, upload-time = "2026-02-26T20:03:50.56Z" },
    { url = "https://files.pythonhosted.org/packages/d0/a8/c688ef7e29983976820d18710f955751d9f4d4eb69df658af3d006e2ba3e/ruff-0.15.4-py3-none-win_amd64.whl", hash = "sha256:04196ad44f0df220c2ece5b0e959c2f37c777375ec744397d21d15b50a75264f", size = 11651048, upload-time = "2026-02-26T20:04:17.191Z" },
    { url = "https://files.pythonhosted.org/packages/3e/0a/9e1be9035b37448ce2e68c978f0591da94389ade5a5abafa4cf99985d1b2/ruff-0.15.4-py3-none-win_arm64.whl", hash = "sha256:60d5177e8cfc70e51b9c5fad936c634872a74209f934c1e79107d11787ad5453", size = 10966776, upload-time = "2026-02-26T20:03:56.908Z" },
]
